
Microsoft Visual Studio Solution File, Format Version 12.00
# Visual Studio Version 17
VisualStudioVersion = 17.1.32328.378
MinimumVisualStudioVersion = 10.0.40219.1
Project("{9A19103F-16F7-4668-BE54-9A1E7A4F7556}") = "ProjetoEcommerce", "ProjetoEcommerce\ProjetoEcommerce.csproj", "{8D966802-8838-43E0-B4B1-37E534CAA57C}"
EndProject
Project("{FAE04EC0-301F-11D3-BF4B-00C04F79EFBC}") = "ProjetoEcommerceTeste", "ProjetoEcommerceTeste\ProjetoEcommerceTeste.csproj", "{8D9359BB-6CF3-43DB-86E0-E8475DB8DB62}"
EndProject
Global
	GlobalSection(SolutionConfigurationPlatforms) = preSolution
		Debug|Any CPU = Debug|Any CPU
		Release|Any CPU = Release|Any CPU
	EndGlobalSection
	GlobalSection(ProjectConfigurationPlatforms) = postSolution
		{8D966802-8838-43E0-B4B1-37E534CAA57C}.Debug|Any CPU.ActiveCfg = Debug|Any CPU
		{8D966802-8838-43E0-B4B1-37E534CAA57C}.Debug|Any CPU.Build.0 = Debug|Any CPU
		{8D966802-8838-43E0-B4B1-37E534CAA57C}.Release|Any CPU.ActiveCfg = Release|Any CPU
		{8D966802-8838-43E0-B4B1-37E534CAA57C}.Release|Any CPU.Build.0 = Release|Any CPU
		{8D9359BB-6CF3-43DB-86E0-E8475DB8DB62}.Debug|Any CPU.ActiveCfg = Debug|Any CPU
		{8D9359BB-6CF3-43DB-86E0-E8475DB8DB62}.Debug|Any CPU.Build.0 = Debug|Any CPU
		{8D9359BB-6CF3-43DB-86E0-E8475DB8DB62}.Release|Any CPU.ActiveCfg = Release|Any CPU
		{8D9359BB-6CF3-43DB-86E0-E8475DB8DB62}.Release|Any CPU.Build.0 = Release|Any CPU
	EndGlobalSection
	GlobalSection(SolutionProperties) = preSolution
		HideSolutionNode = FALSE
	EndGlobalSection
	GlobalSection(ExtensibilityGlobals) = postSolution
		SolutionGuid = {31EDCDE6-3E2A-4B5D-99E3-7AE44AC63F12}
	EndGlobalSection
EndGlobal
